
Microsoft Visual Studio Solution File, Format Version 12.00
# Visual Studio 14
VisualStudioVersion = 14.0.25420.1
MinimumVisualStudioVersion = 10.0.40219.1
Project("{8BB2217D-0F2D-49D1-97BC-3654ED321F3B}") = "KPI.WebAPI", "KPI.WebAPI\KPI.WebAPI.xproj", "{1F24AD27-16E4-48B8-9E49-3B5F03E673B4}"
EndProject
Project("{2150E333-8FDC-42A3-9474-1A3956D46DE8}") = "Infrastructure", "Infrastructure", "{8A29BBB5-3BED-4B79-B52F-8F9B96458614}"
EndProject
Project("{8BB2217D-0F2D-49D1-97BC-3654ED321F3B}") = "KPI.Infrastructure.Data", "Infrastructure\KPI.Infrastructure.Data\KPI.Infrastructure.Data.xproj", "{62DBCEE9-F72D-46E6-9B0C-AFEC7CC18D1A}"
EndProject
Project("{2150E333-8FDC-42A3-9474-1A3956D46DE8}") = "Modules", "Modules", "{8900D790-C209-4499-A876-19930663AA48}"
EndProject
Project("{8BB2217D-0F2D-49D1-97BC-3654ED321F3B}") = "KPI.Infrastructure", "Infrastructure\KPI.Infrastructure\KPI.Infrastructure.xproj", "{3FCB842D-897A-4303-B2C6-DC19C52E41BC}"
EndProject
Project("{8BB2217D-0F2D-49D1-97BC-3654ED321F3B}") = "KPI.Infrastructure.Web", "Infrastructure\KPI.Infrastructure.Web\KPI.Infrastructure.Web.xproj", "{34CAE1FB-93B9-49E6-A56E-0941CA64DA10}"
EndProject
Project("{2150E333-8FDC-42A3-9474-1A3956D46DE8}") = "Catalog", "Catalog", "{82D8D021-B0FD-4FCF-A84D-B7EE1F87E637}"
EndProject
Project("{8BB2217D-0F2D-49D1-97BC-3654ED321F3B}") = "KPI.Catalog.Service", "Modules\Catalog\KPI.Catalog.Service\KPI.Catalog.Service.xproj", "{9C12ABAE-749E-47AA-A5AD-89725A40EF37}"
EndProject
Project("{8BB2217D-0F2D-49D1-97BC-3654ED321F3B}") = "KPI.Catalog.Domain", "Modules\Catalog\KPI.Catalog.Domain\KPI.Catalog.Domain.xproj", "{ACA31537-B8D4-4A80-88BC-0B8C5C9F0919}"
EndProject
Project("{8BB2217D-0F2D-49D1-97BC-3654ED321F3B}") = "KPI.Catalog.Data", "Modules\Catalog\KPI.Catalog.Data\KPI.Catalog.Data.xproj", "{52EE35A7-49FB-4059-A578-C15C9D492ADE}"
EndProject
Project("{2150E333-8FDC-42A3-9474-1A3956D46DE8}") = "Solution Items", "Solution Items", "{D2B532C4-9CC9-4688-9DF2-3A94495581FF}"
	ProjectSection(SolutionItems) = preProject
		global.json = global.json
	EndProjectSection
EndProject
Project("{2150E333-8FDC-42A3-9474-1A3956D46DE8}") = "Core", "Core", "{E910F903-F59E-4873-A754-ACD9454F43EA}"
EndProject
Project("{8BB2217D-0F2D-49D1-97BC-3654ED321F3B}") = "KPI.Core.Data", "Modules\Core\KPI.Core.Data\KPI.Core.Data.xproj", "{94677263-CD8A-472B-8368-DD6F8DAA099A}"
EndProject
Project("{8BB2217D-0F2D-49D1-97BC-3654ED321F3B}") = "KPI.Core.Domain", "Modules\Core\KPI.Core.Domain\KPI.Core.Domain.xproj", "{2969100B-68F4-49BA-BA71-7A8AEC3C8BF3}"
EndProject
Project("{8BB2217D-0F2D-49D1-97BC-3654ED321F3B}") = "KPI.Core.Service", "Modules\Core\KPI.Core.Service\KPI.Core.Service\KPI.Core.Service.xproj", "{6196CA7C-F7AB-4F7F-A578-2FCA4F03920A}"
EndProject
Global
	GlobalSection(SolutionConfigurationPlatforms) = preSolution
		Debug|Any CPU = Debug|Any CPU
		Release|Any CPU = Release|Any CPU
	EndGlobalSection
	GlobalSection(ProjectConfigurationPlatforms) = postSolution
		{1F24AD27-16E4-48B8-9E49-3B5F03E673B4}.Debug|Any CPU.ActiveCfg = Debug|Any CPU
		{1F24AD27-16E4-48B8-9E49-3B5F03E673B4}.Debug|Any CPU.Build.0 = Debug|Any CPU
		{1F24AD27-16E4-48B8-9E49-3B5F03E673B4}.Release|Any CPU.ActiveCfg = Release|Any CPU
		{1F24AD27-16E4-48B8-9E49-3B5F03E673B4}.Release|Any CPU.Build.0 = Release|Any CPU
		{62DBCEE9-F72D-46E6-9B0C-AFEC7CC18D1A}.Debug|Any CPU.ActiveCfg = Debug|Any CPU
		{62DBCEE9-F72D-46E6-9B0C-AFEC7CC18D1A}.Debug|Any CPU.Build.0 = Debug|Any CPU
		{62DBCEE9-F72D-46E6-9B0C-AFEC7CC18D1A}.Release|Any CPU.ActiveCfg = Release|Any CPU
		{62DBCEE9-F72D-46E6-9B0C-AFEC7CC18D1A}.Release|Any CPU.Build.0 = Release|Any CPU
		{3FCB842D-897A-4303-B2C6-DC19C52E41BC}.Debug|Any CPU.ActiveCfg = Debug|Any CPU
		{3FCB842D-897A-4303-B2C6-DC19C52E41BC}.Debug|Any CPU.Build.0 = Debug|Any CPU
		{3FCB842D-897A-4303-B2C6-DC19C52E41BC}.Release|Any CPU.ActiveCfg = Release|Any CPU
		{3FCB842D-897A-4303-B2C6-DC19C52E41BC}.Release|Any CPU.Build.0 = Release|Any CPU
		{34CAE1FB-93B9-49E6-A56E-0941CA64DA10}.Debug|Any CPU.ActiveCfg = Debug|Any CPU
		{34CAE1FB-93B9-49E6-A56E-0941CA64DA10}.Debug|Any CPU.Build.0 = Debug|Any CPU
		{34CAE1FB-93B9-49E6-A56E-0941CA64DA10}.Release|Any CPU.ActiveCfg = Release|Any CPU
		{34CAE1FB-93B9-49E6-A56E-0941CA64DA10}.Release|Any CPU.Build.0 = Release|Any CPU
		{9C12ABAE-749E-47AA-A5AD-89725A40EF37}.Debug|Any CPU.ActiveCfg = Debug|Any CPU
		{9C12ABAE-749E-47AA-A5AD-89725A40EF37}.Debug|Any CPU.Build.0 = Debug|Any CPU
		{9C12ABAE-749E-47AA-A5AD-89725A40EF37}.Release|Any CPU.ActiveCfg = Release|Any CPU
		{9C12ABAE-749E-47AA-A5AD-89725A40EF37}.Release|Any CPU.Build.0 = Release|Any CPU
		{ACA31537-B8D4-4A80-88BC-0B8C5C9F0919}.Debug|Any CPU.ActiveCfg = Debug|Any CPU
		{ACA31537-B8D4-4A80-88BC-0B8C5C9F0919}.Debug|Any CPU.Build.0 = Debug|Any CPU
		{ACA31537-B8D4-4A80-88BC-0B8C5C9F0919}.Release|Any CPU.ActiveCfg = Release|Any CPU
		{ACA31537-B8D4-4A80-88BC-0B8C5C9F0919}.Release|Any CPU.Build.0 = Release|Any CPU
		{52EE35A7-49FB-4059-A578-C15C9D492ADE}.Debug|Any CPU.ActiveCfg = Debug|Any CPU
		{52EE35A7-49FB-4059-A578-C15C9D492ADE}.Debug|Any CPU.Build.0 = Debug|Any CPU
		{52EE35A7-49FB-4059-A578-C15C9D492ADE}.Release|Any CPU.ActiveCfg = Release|Any CPU
		{52EE35A7-49FB-4059-A578-C15C9D492ADE}.Release|Any CPU.Build.0 = Release|Any CPU
		{94677263-CD8A-472B-8368-DD6F8DAA099A}.Debug|Any CPU.ActiveCfg = Debug|Any CPU
		{94677263-CD8A-472B-8368-DD6F8DAA099A}.Debug|Any CPU.Build.0 = Debug|Any CPU
		{94677263-CD8A-472B-8368-DD6F8DAA099A}.Release|Any CPU.ActiveCfg = Release|Any CPU
		{94677263-CD8A-472B-8368-DD6F8DAA099A}.Release|Any CPU.Build.0 = Release|Any CPU
		{2969100B-68F4-49BA-BA71-7A8AEC3C8BF3}.Debug|Any CPU.ActiveCfg = Debug|Any CPU
		{2969100B-68F4-49BA-BA71-7A8AEC3C8BF3}.Debug|Any CPU.Build.0 = Debug|Any CPU
		{2969100B-68F4-49BA-BA71-7A8AEC3C8BF3}.Release|Any CPU.ActiveCfg = Release|Any CPU
		{2969100B-68F4-49BA-BA71-7A8AEC3C8BF3}.Release|Any CPU.Build.0 = Release|Any CPU
		{6196CA7C-F7AB-4F7F-A578-2FCA4F03920A}.Debug|Any CPU.ActiveCfg = Debug|Any CPU
		{6196CA7C-F7AB-4F7F-A578-2FCA4F03920A}.Debug|Any CPU.Build.0 = Debug|Any CPU
		{6196CA7C-F7AB-4F7F-A578-2FCA4F03920A}.Release|Any CPU.ActiveCfg = Release|Any CPU
		{6196CA7C-F7AB-4F7F-A578-2FCA4F03920A}.Release|Any CPU.Build.0 = Release|Any CPU
	EndGlobalSection
	GlobalSection(SolutionProperties) = preSolution
		HideSolutionNode = FALSE
	EndGlobalSection
	GlobalSection(NestedProjects) = preSolution
		{62DBCEE9-F72D-46E6-9B0C-AFEC7CC18D1A} = {8A29BBB5-3BED-4B79-B52F-8F9B96458614}
		{3FCB842D-897A-4303-B2C6-DC19C52E41BC} = {8A29BBB5-3BED-4B79-B52F-8F9B96458614}
		{34CAE1FB-93B9-49E6-A56E-0941CA64DA10} = {8A29BBB5-3BED-4B79-B52F-8F9B96458614}
		{82D8D021-B0FD-4FCF-A84D-B7EE1F87E637} = {8900D790-C209-4499-A876-19930663AA48}
		{9C12ABAE-749E-47AA-A5AD-89725A40EF37} = {82D8D021-B0FD-4FCF-A84D-B7EE1F87E637}
		{ACA31537-B8D4-4A80-88BC-0B8C5C9F0919} = {82D8D021-B0FD-4FCF-A84D-B7EE1F87E637}
		{52EE35A7-49FB-4059-A578-C15C9D492ADE} = {82D8D021-B0FD-4FCF-A84D-B7EE1F87E637}
		{E910F903-F59E-4873-A754-ACD9454F43EA} = {8900D790-C209-4499-A876-19930663AA48}
		{94677263-CD8A-472B-8368-DD6F8DAA099A} = {E910F903-F59E-4873-A754-ACD9454F43EA}
		{2969100B-68F4-49BA-BA71-7A8AEC3C8BF3} = {E910F903-F59E-4873-A754-ACD9454F43EA}
		{6196CA7C-F7AB-4F7F-A578-2FCA4F03920A} = {E910F903-F59E-4873-A754-ACD9454F43EA}
	EndGlobalSection
EndGlobal
